
Microsoft Visual Studio Solution File, Format Version 12.00
# Visual Studio Version 17
VisualStudioVersion = 17.6.33829.357
MinimumVisualStudioVersion = 10.0.40219.1
Project("{9A19103F-16F7-4668-BE54-9A1E7A4F7556}") = "MyFirstPlugin", "MyFirstPlugin.csproj", "{78437C1B-7FEA-4275-A491-D3608ED9F5AA}"
EndProject
Global
	GlobalSection(SolutionConfigurationPlatforms) = preSolution
		Debug|Any CPU = Debug|Any CPU
		Release|Any CPU = Release|Any CPU
	EndGlobalSection
	GlobalSection(ProjectConfigurationPlatforms) = postSolution
		{78437C1B-7FEA-4275-A491-D3608ED9F5AA}.Debug|Any CPU.ActiveCfg = Debug|Any CPU
		{78437C1B-7FEA-4275-A491-D3608ED9F5AA}.Debug|Any CPU.Build.0 = Debug|Any CPU
		{78437C1B-7FEA-4275-A491-D3608ED9F5AA}.Release|Any CPU.ActiveCfg = Release|Any CPU
		{78437C1B-7FEA-4275-A491-D3608ED9F5AA}.Release|Any CPU.Build.0 = Release|Any CPU
	EndGlobalSection
	GlobalSection(SolutionProperties) = preSolution
		HideSolutionNode = FALSE
	EndGlobalSection
	GlobalSection(ExtensibilityGlobals) = postSolution
		SolutionGuid = {0CAF2D72-4A1E-4441-80EA-D9280B9C183E}
	EndGlobalSection
EndGlobal
